{
  "version": 4,
  "terraform_version": "1.13.4",
  "serial": 27,
  "lineage": "69ea0b1f-efbd-7b84-4ba7-f818d2dfd246",
  "outputs": {
    "vm_name": {
      "value": "vm-webapp-dev",
      "type": "string"
    },
    "vm_public_ip": {
      "value": "4.211.171.88",
      "type": "string"
    }
  },
  "resources": [
    {
      "mode": "managed",
      "type": "azurerm_linux_virtual_machine",
      "name": "main",
      "provider": "provider[\"registry.terraform.io/hashicorp/azurerm\"]",
      "instances": [
        {
          "schema_version": 0,
          "attributes": {
            "additional_capabilities": [],
            "admin_password": null,
            "admin_ssh_key": [
              {
                "public_key": "ssh-rsa AAAAB3NzaC1yc2EAAAADAQABAAACAQDDbG7OUk5k1Cz/3yIFYTii2oD7slTayuItmkp5R8aZ0sAQ0TFInG3PO8ZskwiN7ZC9iotFmyKxTXRPa3ng67Jd1eAqih1iTyJA+iMj8F8bnr82CloM9lxIthM9c6lvYcvMy3wLOU2JpoVzpKB26Y9vraC5ypkaWdYCDN9N073WoL21NoXMZa5pYe4dEt6IbeUq+brUpuwDq31uz8HGMy6eTg5carUz9TDWlbVejLLO8wN0IalRlPt/3aLJNHrAYVrCNJyZgrrudnvOotBoyOlhQpdKj4HYOGp3f3axmgqxNG5u4A3KmIIgF1Oz5/pX2x8gBmjivlcoRoErTwvC8d5KMhjfmul476muMLDvn6YHVCOC/wMv9sODsV7DAhZal8SRMiDrOFchrOik9csr6tBa3gAWo353L2dhwXYcVhFHFz3jBXqPSSxyGEDUY+y9aP3d/T1qzI62SN2UKE23VRabi/iXlwnSeaHwjlBR0cNbv3HYbpOSh/FP5xdTIpPl5BtyRte9rcQO3iUTpJoKS3JQGaUmfdoShJy2mqdDU/oYpSo3VniEYt3KY3JZv7aevz6HI5nuRAkYkaMapCqd2nDQrOT1hb0gL1twV0NA2bg6tGtlMrnPYVHbd/3HxFd9AqfyxNIBc+XzIAgal2K71kpEk/n54CovaX4fBAZL8140VQ== ab@Abdullah\r\n",
                "username": "abdullah"
              }
            ],
            "admin_username": "abdullah",
            "allow_extension_operations": true,
            "availability_set_id": "",
            "boot_diagnostics": [],
            "bypass_platform_safety_checks_on_user_schedule_enabled": false,
            "capacity_reservation_group_id": "",
            "computer_name": "vm-webapp-dev",
            "custom_data": null,
            "dedicated_host_group_id": "",
            "dedicated_host_id": "",
            "disable_password_authentication": true,
            "disk_controller_type": "",
            "edge_zone": "",
            "encryption_at_host_enabled": false,
            "eviction_policy": "",
            "extensions_time_budget": "PT1H30M",
            "gallery_application": [],
            "id": "/subscriptions/4538ef42-1d68-468f-9367-b9c401fdf1a2/resourceGroups/rg-webapp-dev/providers/Microsoft.Compute/virtualMachines/vm-webapp-dev",
            "identity": [],
            "license_type": "",
            "location": "francecentral",
            "max_bid_price": -1,
            "name": "vm-webapp-dev",
            "network_interface_ids": [
              "/subscriptions/4538ef42-1d68-468f-9367-b9c401fdf1a2/resourceGroups/rg-webapp-dev/providers/Microsoft.Network/networkInterfaces/nic-webapp-dev"
            ],
            "os_disk": [
              {
                "caching": "ReadWrite",
                "diff_disk_settings": [],
                "disk_encryption_set_id": "",
                "disk_size_gb": 30,
                "name": "vm-webapp-dev_disk1_410377a6184c4c34a52d93064519841c",
                "secure_vm_disk_encryption_set_id": "",
                "security_encryption_type": "",
                "storage_account_type": "Standard_LRS",
                "write_accelerator_enabled": false
              }
            ],
            "os_image_notification": [],
            "patch_assessment_mode": "ImageDefault",
            "patch_mode": "ImageDefault",
            "plan": [],
            "platform_fault_domain": -1,
            "priority": "Regular",
            "private_ip_address": "",
            "private_ip_addresses": [],
            "provision_vm_agent": true,
            "proximity_placement_group_id": "",
            "public_ip_address": "",
            "public_ip_addresses": [],
            "reboot_setting": "",
            "resource_group_name": "rg-webapp-dev",
            "secret": [],
            "secure_boot_enabled": false,
            "size": "Standard_B1s",
            "source_image_id": "",
            "source_image_reference": [
              {
                "offer": "0001-com-ubuntu-server-jammy",
                "publisher": "Canonical",
                "sku": "22_04-lts",
                "version": "latest"
              }
            ],
            "tags": {
              "Environment": "dev",
              "Project": "webapp"
            },
            "termination_notification": null,
            "timeouts": null,
            "user_data": "",
            "virtual_machine_id": "a42742e3-af42-4992-9b4c-e95fb63e6cc1",
            "virtual_machine_scale_set_id": "",
            "vm_agent_platform_updates_enabled": false,
            "vtpm_enabled": false,
            "zone": ""
          },
          "sensitive_attributes": [
            [
              {
                "type": "get_attr",
                "value": "admin_password"
              }
            ],
            [
              {
                "type": "get_attr",
                "value": "custom_data"
              }
            ]
          ],
          "identity_schema_version": 0,
          "private": "eyJlMmJmYjczMC1lY2FhLTExZTYtOGY4OC0zNDM2M2JjN2M0YzAiOnsiY3JlYXRlIjoyNzAwMDAwMDAwMDAwLCJkZWxldGUiOjI3MDAwMDAwMDAwMDAsInJlYWQiOjMwMDAwMDAwMDAwMCwidXBkYXRlIjoyNzAwMDAwMDAwMDAwfX0=",
          "dependencies": [
            "azurerm_network_interface.main",
            "azurerm_public_ip.main",
            "azurerm_resource_group.main",
            "azurerm_subnet.main",
            "azurerm_virtual_network.main"
          ]
        }
      ]
    },
    {
      "mode": "managed",
      "type": "azurerm_network_interface",
      "name": "main",
      "provider": "provider[\"registry.terraform.io/hashicorp/azurerm\"]",
      "instances": [
        {
          "schema_version": 0,
          "attributes": {
            "accelerated_networking_enabled": false,
            "applied_dns_servers": [],
            "auxiliary_mode": "",
            "auxiliary_sku": "",
            "dns_servers": [],
            "edge_zone": "",
            "enable_accelerated_networking": false,
            "enable_ip_forwarding": false,
            "id": "/subscriptions/4538ef42-1d68-468f-9367-b9c401fdf1a2/resourceGroups/rg-webapp-dev/providers/Microsoft.Network/networkInterfaces/nic-webapp-dev",
            "internal_dns_name_label": "",
            "internal_domain_name_suffix": "4z14xcgsy0xezp4v5jfwi3kv3h.parx.internal.cloudapp.net",
            "ip_configuration": [
              {
                "gateway_load_balancer_frontend_ip_configuration_id": "",
                "name": "internal",
                "primary": true,
                "private_ip_address": "10.0.1.4",
                "private_ip_address_allocation": "Dynamic",
                "private_ip_address_version": "IPv4",
                "public_ip_address_id": "/subscriptions/4538ef42-1d68-468f-9367-b9c401fdf1a2/resourceGroups/rg-webapp-dev/providers/Microsoft.Network/publicIPAddresses/pip-webapp-dev",
                "subnet_id": "/subscriptions/4538ef42-1d68-468f-9367-b9c401fdf1a2/resourceGroups/rg-webapp-dev/providers/Microsoft.Network/virtualNetworks/vnet-webapp-dev/subnets/subnet-webapp-dev"
              }
            ],
            "ip_forwarding_enabled": false,
            "location": "francecentral",
            "mac_address": "",
            "name": "nic-webapp-dev",
            "private_ip_address": "10.0.1.4",
            "private_ip_addresses": [
              "10.0.1.4"
            ],
            "resource_group_name": "rg-webapp-dev",
            "tags": null,
            "timeouts": null,
            "virtual_machine_id": ""
          },
          "sensitive_attributes": [],
          "identity_schema_version": 0,
          "private": "eyJlMmJmYjczMC1lY2FhLTExZTYtOGY4OC0zNDM2M2JjN2M0YzAiOnsiY3JlYXRlIjoxODAwMDAwMDAwMDAwLCJkZWxldGUiOjE4MDAwMDAwMDAwMDAsInJlYWQiOjMwMDAwMDAwMDAwMCwidXBkYXRlIjoxODAwMDAwMDAwMDAwfX0=",
          "dependencies": [
            "azurerm_public_ip.main",
            "azurerm_resource_group.main",
            "azurerm_subnet.main",
            "azurerm_virtual_network.main"
          ]
        }
      ]
    },
    {
      "mode": "managed",
      "type": "azurerm_network_interface_security_group_association",
      "name": "main",
      "provider": "provider[\"registry.terraform.io/hashicorp/azurerm\"]",
      "instances": [
        {
          "schema_version": 0,
          "attributes": {
            "id": "/subscriptions/4538ef42-1d68-468f-9367-b9c401fdf1a2/resourceGroups/rg-webapp-dev/providers/Microsoft.Network/networkInterfaces/nic-webapp-dev|/subscriptions/4538ef42-1d68-468f-9367-b9c401fdf1a2/resourceGroups/rg-webapp-dev/providers/Microsoft.Network/networkSecurityGroups/nsg-webapp-dev",
            "network_interface_id": "/subscriptions/4538ef42-1d68-468f-9367-b9c401fdf1a2/resourceGroups/rg-webapp-dev/providers/Microsoft.Network/networkInterfaces/nic-webapp-dev",
            "network_security_group_id": "/subscriptions/4538ef42-1d68-468f-9367-b9c401fdf1a2/resourceGroups/rg-webapp-dev/providers/Microsoft.Network/networkSecurityGroups/nsg-webapp-dev",
            "timeouts": null
          },
          "sensitive_attributes": [],
          "identity_schema_version": 0,
          "private": "eyJlMmJmYjczMC1lY2FhLTExZTYtOGY4OC0zNDM2M2JjN2M0YzAiOnsiY3JlYXRlIjoxODAwMDAwMDAwMDAwLCJkZWxldGUiOjE4MDAwMDAwMDAwMDAsInJlYWQiOjMwMDAwMDAwMDAwMH19",
          "dependencies": [
            "azurerm_network_interface.main",
            "azurerm_network_security_group.main",
            "azurerm_public_ip.main",
            "azurerm_resource_group.main",
            "azurerm_subnet.main",
            "azurerm_virtual_network.main"
          ]
        }
      ]
    },
    {
      "mode": "managed",
      "type": "azurerm_network_security_group",
      "name": "main",
      "provider": "provider[\"registry.terraform.io/hashicorp/azurerm\"]",
      "instances": [
        {
          "schema_version": 0,
          "attributes": {
            "id": "/subscriptions/4538ef42-1d68-468f-9367-b9c401fdf1a2/resourceGroups/rg-webapp-dev/providers/Microsoft.Network/networkSecurityGroups/nsg-webapp-dev",
            "location": "francecentral",
            "name": "nsg-webapp-dev",
            "resource_group_name": "rg-webapp-dev",
            "security_rule": [
              {
                "access": "Allow",
                "description": "",
                "destination_address_prefix": "*",
                "destination_address_prefixes": [],
                "destination_application_security_group_ids": [],
                "destination_port_range": "22",
                "destination_port_ranges": [],
                "direction": "Inbound",
                "name": "SSH",
                "priority": 1001,
                "protocol": "Tcp",
                "source_address_prefix": "*",
                "source_address_prefixes": [],
                "source_application_security_group_ids": [],
                "source_port_range": "*",
                "source_port_ranges": []
              },
              {
                "access": "Allow",
                "description": "",
                "destination_address_prefix": "*",
                "destination_address_prefixes": [],
                "destination_application_security_group_ids": [],
                "destination_port_range": "80",
                "destination_port_ranges": [],
                "direction": "Inbound",
                "name": "HTTP",
                "priority": 1002,
                "protocol": "Tcp",
                "source_address_prefix": "*",
                "source_address_prefixes": [],
                "source_application_security_group_ids": [],
                "source_port_range": "*",
                "source_port_ranges": []
              }
            ],
            "tags": null,
            "timeouts": null
          },
          "sensitive_attributes": [],
          "identity_schema_version": 0,
          "private": "eyJlMmJmYjczMC1lY2FhLTExZTYtOGY4OC0zNDM2M2JjN2M0YzAiOnsiY3JlYXRlIjoxODAwMDAwMDAwMDAwLCJkZWxldGUiOjE4MDAwMDAwMDAwMDAsInJlYWQiOjMwMDAwMDAwMDAwMCwidXBkYXRlIjoxODAwMDAwMDAwMDAwfX0=",
          "dependencies": [
            "azurerm_resource_group.main"
          ]
        }
      ]
    },
    {
      "mode": "managed",
      "type": "azurerm_public_ip",
      "name": "main",
      "provider": "provider[\"registry.terraform.io/hashicorp/azurerm\"]",
      "instances": [
        {
          "schema_version": 0,
          "attributes": {
            "allocation_method": "Static",
            "ddos_protection_mode": "VirtualNetworkInherited",
            "ddos_protection_plan_id": null,
            "domain_name_label": null,
            "edge_zone": "",
            "fqdn": null,
            "id": "/subscriptions/4538ef42-1d68-468f-9367-b9c401fdf1a2/resourceGroups/rg-webapp-dev/providers/Microsoft.Network/publicIPAddresses/pip-webapp-dev",
            "idle_timeout_in_minutes": 4,
            "ip_address": "4.211.171.88",
            "ip_tags": null,
            "ip_version": "IPv4",
            "location": "francecentral",
            "name": "pip-webapp-dev",
            "public_ip_prefix_id": null,
            "resource_group_name": "rg-webapp-dev",
            "reverse_fqdn": null,
            "sku": "Standard",
            "sku_tier": "Regional",
            "tags": null,
            "timeouts": null,
            "zones": null
          },
          "sensitive_attributes": [],
          "identity_schema_version": 0,
          "private": "eyJlMmJmYjczMC1lY2FhLTExZTYtOGY4OC0zNDM2M2JjN2M0YzAiOnsiY3JlYXRlIjoxODAwMDAwMDAwMDAwLCJkZWxldGUiOjE4MDAwMDAwMDAwMDAsInJlYWQiOjMwMDAwMDAwMDAwMCwidXBkYXRlIjoxODAwMDAwMDAwMDAwfX0=",
          "dependencies": [
            "azurerm_resource_group.main"
          ]
        }
      ]
    },
    {
      "mode": "managed",
      "type": "azurerm_resource_group",
      "name": "main",
      "provider": "provider[\"registry.terraform.io/hashicorp/azurerm\"]",
      "instances": [
        {
          "schema_version": 0,
          "attributes": {
            "id": "/subscriptions/4538ef42-1d68-468f-9367-b9c401fdf1a2/resourceGroups/rg-webapp-dev",
            "location": "francecentral",
            "managed_by": "",
            "name": "rg-webapp-dev",
            "tags": null,
            "timeouts": null
          },
          "sensitive_attributes": [],
          "identity_schema_version": 0,
          "private": "eyJlMmJmYjczMC1lY2FhLTExZTYtOGY4OC0zNDM2M2JjN2M0YzAiOnsiY3JlYXRlIjo1NDAwMDAwMDAwMDAwLCJkZWxldGUiOjU0MDAwMDAwMDAwMDAsInJlYWQiOjMwMDAwMDAwMDAwMCwidXBkYXRlIjo1NDAwMDAwMDAwMDAwfX0="
        }
      ]
    },
    {
      "mode": "managed",
      "type": "azurerm_subnet",
      "name": "main",
      "provider": "provider[\"registry.terraform.io/hashicorp/azurerm\"]",
      "instances": [
        {
          "schema_version": 0,
          "attributes": {
            "address_prefixes": [
              "10.0.1.0/24"
            ],
            "default_outbound_access_enabled": true,
            "delegation": [],
            "enforce_private_link_endpoint_network_policies": false,
            "enforce_private_link_service_network_policies": false,
            "id": "/subscriptions/4538ef42-1d68-468f-9367-b9c401fdf1a2/resourceGroups/rg-webapp-dev/providers/Microsoft.Network/virtualNetworks/vnet-webapp-dev/subnets/subnet-webapp-dev",
            "name": "subnet-webapp-dev",
            "private_endpoint_network_policies": "Enabled",
            "private_endpoint_network_policies_enabled": true,
            "private_link_service_network_policies_enabled": true,
            "resource_group_name": "rg-webapp-dev",
            "service_endpoint_policy_ids": null,
            "service_endpoints": null,
            "timeouts": null,
            "virtual_network_name": "vnet-webapp-dev"
          },
          "sensitive_attributes": [],
          "identity_schema_version": 0,
          "private": "eyJlMmJmYjczMC1lY2FhLTExZTYtOGY4OC0zNDM2M2JjN2M0YzAiOnsiY3JlYXRlIjoxODAwMDAwMDAwMDAwLCJkZWxldGUiOjE4MDAwMDAwMDAwMDAsInJlYWQiOjMwMDAwMDAwMDAwMCwidXBkYXRlIjoxODAwMDAwMDAwMDAwfX0=",
          "dependencies": [
            "azurerm_resource_group.main",
            "azurerm_virtual_network.main"
          ]
        }
      ]
    },
    {
      "mode": "managed",
      "type": "azurerm_virtual_network",
      "name": "main",
      "provider": "provider[\"registry.terraform.io/hashicorp/azurerm\"]",
      "instances": [
        {
          "schema_version": 0,
          "attributes": {
            "address_space": [
              "10.0.0.0/16"
            ],
            "bgp_community": "",
            "ddos_protection_plan": [],
            "dns_servers": [],
            "edge_zone": "",
            "encryption": [],
            "flow_timeout_in_minutes": 0,
            "guid": "88eb77f6-c6d2-4cae-bfd5-fa4b647555ef",
            "id": "/subscriptions/4538ef42-1d68-468f-9367-b9c401fdf1a2/resourceGroups/rg-webapp-dev/providers/Microsoft.Network/virtualNetworks/vnet-webapp-dev",
            "location": "francecentral",
            "name": "vnet-webapp-dev",
            "resource_group_name": "rg-webapp-dev",
            "subnet": [],
            "tags": null,
            "timeouts": null
          },
          "sensitive_attributes": [],
          "identity_schema_version": 0,
          "private": "eyJlMmJmYjczMC1lY2FhLTExZTYtOGY4OC0zNDM2M2JjN2M0YzAiOnsiY3JlYXRlIjoxODAwMDAwMDAwMDAwLCJkZWxldGUiOjE4MDAwMDAwMDAwMDAsInJlYWQiOjMwMDAwMDAwMDAwMCwidXBkYXRlIjoxODAwMDAwMDAwMDAwfX0=",
          "dependencies": [
            "azurerm_resource_group.main"
          ]
        }
      ]
    }
  ],
  "check_results": null
}
